
Microsoft Visual Studio Solution File, Format Version 12.00
# Visual Studio 15
VisualStudioVersion = 15.0.28307.539
MinimumVisualStudioVersion = 10.0.40219.1
Project("{FAE04EC0-301F-11D3-BF4B-00C04F79EFBC}") = "first", "first\first.csproj", "{60259EE2-12F4-489F-9CF5-A31B2DB15796}"
EndProject
Global
	GlobalSection(SolutionConfigurationPlatforms) = preSolution
		Debug|Any CPU = Debug|Any CPU
		Release|Any CPU = Release|Any CPU
	EndGlobalSection
	GlobalSection(ProjectConfigurationPlatforms) = postSolution
		{60259EE2-12F4-489F-9CF5-A31B2DB15796}.Debug|Any CPU.ActiveCfg = Debug|Any CPU
		{60259EE2-12F4-489F-9CF5-A31B2DB15796}.Debug|Any CPU.Build.0 = Debug|Any CPU
		{60259EE2-12F4-489F-9CF5-A31B2DB15796}.Release|Any CPU.ActiveCfg = Release|Any CPU
		{60259EE2-12F4-489F-9CF5-A31B2DB15796}.Release|Any CPU.Build.0 = Release|Any CPU
	EndGlobalSection
	GlobalSection(SolutionProperties) = preSolution
		HideSolutionNode = FALSE
	EndGlobalSection
	GlobalSection(ExtensibilityGlobals) = postSolution
		SolutionGuid = {2526A38F-C698-4F1E-9317-9688ACAC743A}
	EndGlobalSection
EndGlobal
